
Microsoft Visual Studio Solution File, Format Version 12.00
# Visual Studio Version 17
VisualStudioVersion = 17.0.31903.59
MinimumVisualStudioVersion = 10.0.40219.1
Project("{2150E333-8FDC-42A3-9474-1A3956D46DE8}") = "src", "src", "{5B81CAA2-8598-4B6E-AACB-4AF751747DB4}"
EndProject
Project("{FAE04EC0-301F-11D3-BF4B-00C04F79EFBC}") = "Appilico.Server.Domain", "src\Appilico.Server.Domain\Appilico.Server.Domain.csproj", "{BF4B6C12-6533-492A-8FC3-CE396D0355A6}"
EndProject
Project("{FAE04EC0-301F-11D3-BF4B-00C04F79EFBC}") = "Appilico.Server.DataAccess", "src\Appilico.Server.DataAccess\Appilico.Server.DataAccess.csproj", "{B06FB27D-B7DC-4C60-9BA6-D7FDB37539A1}"
EndProject
Project("{FAE04EC0-301F-11D3-BF4B-00C04F79EFBC}") = "Appilico.Server.Business", "src\Appilico.Server.Business\Appilico.Server.Business.csproj", "{C0536007-CA89-4DCA-A0FF-8C43139010BC}"
EndProject
Project("{FAE04EC0-301F-11D3-BF4B-00C04F79EFBC}") = "Appilico.Server.API", "src\Appilico.Server.API\Appilico.Server.API.csproj", "{AADF8A4A-8D0D-489A-884A-ED71CD1D73A5}"
EndProject
Project("{2150E333-8FDC-42A3-9474-1A3956D46DE8}") = "tests", "tests", "{FB8966FE-0C88-4B64-9A85-A46F1F5689FA}"
EndProject
Project("{FAE04EC0-301F-11D3-BF4B-00C04F79EFBC}") = "Appilico.Server.UnitTests", "tests\Appilico.Server.UnitTests\Appilico.Server.UnitTests.csproj", "{C9A65885-8DFC-48BA-8DEF-83B924A4C8CB}"
EndProject
Project("{FAE04EC0-301F-11D3-BF4B-00C04F79EFBC}") = "Appilico.Server.IntegrationTests", "tests\Appilico.Server.IntegrationTests\Appilico.Server.IntegrationTests.csproj", "{221009B6-EF46-486E-B84E-78E1F45CB5AA}"
EndProject
Project("{FAE04EC0-301F-11D3-BF4B-00C04F79EFBC}") = "Appilico.Server.DataAccess.Tests", "tests\Appilico.Server.DataAccess.Tests\Appilico.Server.DataAccess.Tests.csproj", "{666111B4-3B1E-4FA0-9989-730879E9A1D7}"
EndProject
Global
	GlobalSection(SolutionConfigurationPlatforms) = preSolution
		Debug|Any CPU = Debug|Any CPU
		Release|Any CPU = Release|Any CPU
	EndGlobalSection
	GlobalSection(SolutionProperties) = preSolution
		HideSolutionNode = FALSE
	EndGlobalSection
	GlobalSection(ProjectConfigurationPlatforms) = postSolution
		{BF4B6C12-6533-492A-8FC3-CE396D0355A6}.Debug|Any CPU.ActiveCfg = Debug|Any CPU
		{BF4B6C12-6533-492A-8FC3-CE396D0355A6}.Debug|Any CPU.Build.0 = Debug|Any CPU
		{BF4B6C12-6533-492A-8FC3-CE396D0355A6}.Release|Any CPU.ActiveCfg = Release|Any CPU
		{BF4B6C12-6533-492A-8FC3-CE396D0355A6}.Release|Any CPU.Build.0 = Release|Any CPU
		{B06FB27D-B7DC-4C60-9BA6-D7FDB37539A1}.Debug|Any CPU.ActiveCfg = Debug|Any CPU
		{B06FB27D-B7DC-4C60-9BA6-D7FDB37539A1}.Debug|Any CPU.Build.0 = Debug|Any CPU
		{B06FB27D-B7DC-4C60-9BA6-D7FDB37539A1}.Release|Any CPU.ActiveCfg = Release|Any CPU
		{B06FB27D-B7DC-4C60-9BA6-D7FDB37539A1}.Release|Any CPU.Build.0 = Release|Any CPU
		{C0536007-CA89-4DCA-A0FF-8C43139010BC}.Debug|Any CPU.ActiveCfg = Debug|Any CPU
		{C0536007-CA89-4DCA-A0FF-8C43139010BC}.Debug|Any CPU.Build.0 = Debug|Any CPU
		{C0536007-CA89-4DCA-A0FF-8C43139010BC}.Release|Any CPU.ActiveCfg = Release|Any CPU
		{C0536007-CA89-4DCA-A0FF-8C43139010BC}.Release|Any CPU.Build.0 = Release|Any CPU
		{AADF8A4A-8D0D-489A-884A-ED71CD1D73A5}.Debug|Any CPU.ActiveCfg = Debug|Any CPU
		{AADF8A4A-8D0D-489A-884A-ED71CD1D73A5}.Debug|Any CPU.Build.0 = Debug|Any CPU
		{AADF8A4A-8D0D-489A-884A-ED71CD1D73A5}.Release|Any CPU.ActiveCfg = Release|Any CPU
		{AADF8A4A-8D0D-489A-884A-ED71CD1D73A5}.Release|Any CPU.Build.0 = Release|Any CPU
		{C9A65885-8DFC-48BA-8DEF-83B924A4C8CB}.Debug|Any CPU.ActiveCfg = Debug|Any CPU
		{C9A65885-8DFC-48BA-8DEF-83B924A4C8CB}.Debug|Any CPU.Build.0 = Debug|Any CPU
		{C9A65885-8DFC-48BA-8DEF-83B924A4C8CB}.Release|Any CPU.ActiveCfg = Release|Any CPU
		{C9A65885-8DFC-48BA-8DEF-83B924A4C8CB}.Release|Any CPU.Build.0 = Release|Any CPU
		{221009B6-EF46-486E-B84E-78E1F45CB5AA}.Debug|Any CPU.ActiveCfg = Debug|Any CPU
		{221009B6-EF46-486E-B84E-78E1F45CB5AA}.Debug|Any CPU.Build.0 = Debug|Any CPU
		{221009B6-EF46-486E-B84E-78E1F45CB5AA}.Release|Any CPU.ActiveCfg = Release|Any CPU
		{221009B6-EF46-486E-B84E-78E1F45CB5AA}.Release|Any CPU.Build.0 = Release|Any CPU
		{666111B4-3B1E-4FA0-9989-730879E9A1D7}.Debug|Any CPU.ActiveCfg = Debug|Any CPU
		{666111B4-3B1E-4FA0-9989-730879E9A1D7}.Debug|Any CPU.Build.0 = Debug|Any CPU
		{666111B4-3B1E-4FA0-9989-730879E9A1D7}.Release|Any CPU.ActiveCfg = Release|Any CPU
		{666111B4-3B1E-4FA0-9989-730879E9A1D7}.Release|Any CPU.Build.0 = Release|Any CPU
	EndGlobalSection
	GlobalSection(NestedProjects) = preSolution
		{BF4B6C12-6533-492A-8FC3-CE396D0355A6} = {5B81CAA2-8598-4B6E-AACB-4AF751747DB4}
		{B06FB27D-B7DC-4C60-9BA6-D7FDB37539A1} = {5B81CAA2-8598-4B6E-AACB-4AF751747DB4}
		{C0536007-CA89-4DCA-A0FF-8C43139010BC} = {5B81CAA2-8598-4B6E-AACB-4AF751747DB4}
		{AADF8A4A-8D0D-489A-884A-ED71CD1D73A5} = {5B81CAA2-8598-4B6E-AACB-4AF751747DB4}
		{C9A65885-8DFC-48BA-8DEF-83B924A4C8CB} = {FB8966FE-0C88-4B64-9A85-A46F1F5689FA}
		{221009B6-EF46-486E-B84E-78E1F45CB5AA} = {FB8966FE-0C88-4B64-9A85-A46F1F5689FA}
		{666111B4-3B1E-4FA0-9989-730879E9A1D7} = {FB8966FE-0C88-4B64-9A85-A46F1F5689FA}
	EndGlobalSection
EndGlobal
